// !$*UTF8*$!
{
	archiveVersion = 1;
	classes = {
	};
	objectVersion = 50;
	objects = {

/* Begin PBXBuildFile section */
		93D7D17E25AC2FF00025513D /* AppDelegate.swift in Sources */ = {isa = PBXBuildFile; fileRef = 93D7D17D25AC2FF00025513D /* AppDelegate.swift */; };
		93D7D18025AC2FF00025513D /* SceneDelegate.swift in Sources */ = {isa = PBXBuildFile; fileRef = 93D7D17F25AC2FF00025513D /* SceneDelegate.swift */; };
		93D7D18225AC2FF00025513D /* ContentView.swift in Sources */ = {isa = PBXBuildFile; fileRef = 93D7D18125AC2FF00025513D /* ContentView.swift */; };
		93D7D18425AC2FF20025513D /* Assets.xcassets in Resources */ = {isa = PBXBuildFile; fileRef = 93D7D18325AC2FF20025513D /* Assets.xcassets */; };
		93D7D18725AC2FF20025513D /* Preview Assets.xcassets in Resources */ = {isa = PBXBuildFile; fileRef = 93D7D18625AC2FF20025513D /* Preview Assets.xcassets */; };
		93D7D18A25AC2FF20025513D /* LaunchScreen.storyboard in Resources */ = {isa = PBXBuildFile; fileRef = 93D7D18825AC2FF20025513D /* LaunchScreen.storyboard */; };
/* End PBXBuildFile section */

/* Begin PBXFileReference section */
		93D7D17A25AC2FF00025513D /* circularprogressring.app */ = {isa = PBXFileReference; explicitFileType = wrapper.application; includeInIndex = 0; path = circularprogressring.app; sourceTree = BUILT_PRODUCTS_DIR; };
		93D7D17D25AC2FF00025513D /* AppDelegate.swift */ = {isa = PBXFileReference; lastKnownFileType = sourcecode.swift; path = AppDelegate.swift; sourceTree = "<group>"; };
		93D7D17F25AC2FF00025513D /* SceneDelegate.swift */ = {isa = PBXFileReference; lastKnownFileType = sourcecode.swift; path = SceneDelegate.swift; sourceTree = "<group>"; };
		93D7D18125AC2FF00025513D /* ContentView.swift */ = {isa = PBXFileReference; lastKnownFileType = sourcecode.swift; path = ContentView.swift; sourceTree = "<group>"; };
		93D7D18325AC2FF20025513D /* Assets.xcassets */ = {isa = PBXFileReference; lastKnownFileType = folder.assetcatalog; path = Assets.xcassets; sourceTree = "<group>"; };
		93D7D18625AC2FF20025513D /* Preview Assets.xcassets */ = {isa = PBXFileReference; lastKnownFileType = folder.assetcatalog; path = "Preview Assets.xcassets"; sourceTree = "<group>"; };
		93D7D18925AC2FF20025513D /* Base */ = {isa = PBXFileReference; lastKnownFileType = file.storyboard; name = Base; path = Base.lproj/LaunchScreen.storyboard; sourceTree = "<group>"; };
		93D7D18B25AC2FF20025513D /* Info.plist */ = {isa = PBXFileReference; lastKnownFileType = text.plist.xml; path = Info.plist; sourceTree = "<group>"; };
/* End PBXFileReference section */

/* Begin PBXFrameworksBuildPhase section */
		93D7D17725AC2FF00025513D /* Frameworks */ = {
			isa = PBXFrameworksBuildPhase;
			buildActionMask = 2147483647;
			files = (
			);
			runOnlyForDeploymentPostprocessing = 0;
		};
/* End PBXFrameworksBuildPhase section */

/* Begin PBXGroup section */
		93D7D17125AC2FF00025513D = {
			isa = PBXGroup;
			children = (
				93D7D17C25AC2FF00025513D /* circularprogressring */,
				93D7D17B25AC2FF00025513D /* Products */,
			);
			sourceTree = "<group>";
		};
		93D7D17B25AC2FF00025513D /* Products */ = {
			isa = PBXGroup;
			children = (
				93D7D17A25AC2FF00025513D /* circularprogressring.app */,
			);
			name = Products;
			sourceTree = "<group>";
		};
		93D7D17C25AC2FF00025513D /* circularprogressring */ = {
			isa = PBXGroup;
			children = (
				93D7D17D25AC2FF00025513D /* AppDelegate.swift */,
				93D7D17F25AC2FF00025513D /* SceneDelegate.swift */,
				93D7D18125AC2FF00025513D /* ContentView.swift */,
				93D7D18325AC2FF20025513D /* Assets.xcassets */,
				93D7D18825AC2FF20025513D /* LaunchScreen.storyboard */,
				93D7D18B25AC2FF20025513D /* Info.plist */,
				93D7D18525AC2FF20025513D /* Preview Content */,
			);
			path = circularprogressring;
			sourceTree = "<group>";
		};
		93D7D18525AC2FF20025513D /* Preview Content */ = {
			isa = PBXGroup;
			children = (
				93D7D18625AC2FF20025513D /* Preview Assets.xcassets */,
			);
			path = "Preview Content";
			sourceTree = "<group>";
		};
/* End PBXGroup section */

/* Begin PBXNativeTarget section */
		93D7D17925AC2FF00025513D /* circularprogressring */ = {
			isa = PBXNativeTarget;
			buildConfigurationList = 93D7D18E25AC2FF20025513D /* Build configuration list for PBXNativeTarget "circularprogressring" */;
			buildPhases = (
				93D7D17625AC2FF00025513D /* Sources */,
				93D7D17725AC2FF00025513D /* Frameworks */,
				93D7D17825AC2FF00025513D /* Resources */,
			);
			buildRules = (
			);
			dependencies = (
			);
			name = circularprogressring;
			productName = circularprogressring;
			productReference = 93D7D17A25AC2FF00025513D /* circularprogressring.app */;
			productType = "com.apple.product-type.application";
		};
/* End PBXNativeTarget section */

/* Begin PBXProject section */
		93D7D17225AC2FF00025513D /* Project object */ = {
			isa = PBXProject;
			attributes = {
				LastSwiftUpdateCheck = 1220;
				LastUpgradeCheck = 1220;
				TargetAttributes = {
					93D7D17925AC2FF00025513D = {
						CreatedOnToolsVersion = 12.2;
					};
				};
			};
			buildConfigurationList = 93D7D17525AC2FF00025513D /* Build configuration list for PBXProject "circularprogressring" */;
			compatibilityVersion = "Xcode 9.3";
			developmentRegion = en;
			hasScannedForEncodings = 0;
			knownRegions = (
				en,
				Base,
			);
			mainGroup = 93D7D17125AC2FF00025513D;
			productRefGroup = 93D7D17B25AC2FF00025513D /* Products */;
			projectDirPath = "";
			projectRoot = "";
			targets = (
				93D7D17925AC2FF00025513D /* circularprogressring */,
			);
		};
/* End PBXProject section */

/* Begin PBXResourcesBuildPhase section */
		93D7D17825AC2FF00025513D /* Resources */ = {
			isa = PBXResourcesBuildPhase;
			buildActionMask = 2147483647;
			files = (
				93D7D18A25AC2FF20025513D /* LaunchScreen.storyboard in Resources */,
				93D7D18725AC2FF20025513D /* Preview Assets.xcassets in Resources */,
				93D7D18425AC2FF20025513D /* Assets.xcassets in Resources */,
			);
			runOnlyForDeploymentPostprocessing = 0;
		};
/* End PBXResourcesBuildPhase section */

/* Begin PBXSourcesBuildPhase section */
		93D7D17625AC2FF00025513D /* Sources */ = {
			isa = PBXSourcesBuildPhase;
			buildActionMask = 2147483647;
			files = (
				93D7D17E25AC2FF00025513D /* AppDelegate.swift in Sources */,
				93D7D18025AC2FF00025513D /* SceneDelegate.swift in Sources */,
				93D7D18225AC2FF00025513D /* ContentView.swift in Sources */,
			);
			runOnlyForDeploymentPostprocessing = 0;
		};
/* End PBXSourcesBuildPhase section */

/* Begin PBXVariantGroup section */
		93D7D18825AC2FF20025513D /* LaunchScreen.storyboard */ = {
			isa = PBXVariantGroup;
			children = (
				93D7D18925AC2FF20025513D /* Base */,
			);
			name = LaunchScreen.storyboard;
			sourceTree = "<group>";
		};
/* End PBXVariantGroup section */

/* Begin XCBuildConfiguration section */
		93D7D18C25AC2FF20025513D /* Debug */ = {
			isa = XCBuildConfiguration;
			buildSettings = {
				ALWAYS_SEARCH_USER_PATHS = NO;
				CLANG_ANALYZER_NONNULL = YES;
				CLANG_ANALYZER_NUMBER_OBJECT_CONVERSION = YES_AGGRESSIVE;
				CLANG_CXX_LANGUAGE_STANDARD = "gnu++14";
				CLANG_CXX_LIBRARY = "libc++";
				CLANG_ENABLE_MODULES = YES;
				CLANG_ENABLE_OBJC_ARC = YES;
				CLANG_ENABLE_OBJC_WEAK = YES;
				CLANG_WARN_BLOCK_CAPTURE_AUTORELEASING = YES;
				CLANG_WARN_BOOL_CONVERSION = YES;
				CLANG_WARN_COMMA = YES;
				CLANG_WARN_CONSTANT_CONVERSION = YES;
				CLANG_WARN_DEPRECATED_OBJC_IMPLEMENTATIONS = YES;
				CLANG_WARN_DIRECT_OBJC_ISA_USAGE = YES_ERROR;
				CLANG_WARN_DOCUMENTATION_COMMENTS = YES;
				CLANG_WARN_EMPTY_BODY = YES;
				CLANG_WARN_ENUM_CONVERSION = YES;
				CLANG_WARN_INFINITE_RECURSION = YES;
				CLANG_WARN_INT_CONVERSION = YES;
				CLANG_WARN_NON_LITERAL_NULL_CONVERSION = YES;
				CLANG_WARN_OBJC_IMPLICIT_RETAIN_SELF = YES;
				CLANG_WARN_OBJC_LITERAL_CONVERSION = YES;
				CLANG_WARN_OBJC_ROOT_CLASS = YES_ERROR;
				CLANG_WARN_QUOTED_INCLUDE_IN_FRAMEWORK_HEADER = YES;
				CLANG_WARN_RANGE_LOOP_ANALYSIS = YES;
				CLANG_WARN_STRICT_PROTOTYPES = YES;
				CLANG_WARN_SUSPICIOUS_MOVE = YES;
				CLANG_WARN_UNGUARDED_AVAILABILITY = YES_AGGRESSIVE;
				CLANG_WARN_UNREACHABLE_CODE = YES;
				CLANG_WARN__DUPLICATE_METHOD_MATCH = YES;
				COPY_PHASE_STRIP = NO;
				DEBUG_INFORMATION_FORMAT = dwarf;
				ENABLE_STRICT_OBJC_MSGSEND = YES;
				ENABLE_TESTABILITY = YES;
				GCC_C_LANGUAGE_STANDARD = gnu11;
				GCC_DYNAMIC_NO_PIC = NO;
				GCC_NO_COMMON_BLOCKS = YES;
				GCC_OPTIMIZATION_LEVEL = 0;
				GCC_PREPROCESSOR_DEFINITIONS = (
					"DEBUG=1",
					"$(inherited)",
				);
				GCC_WARN_64_TO_32_BIT_CONVERSION = YES;
				GCC_WARN_ABOUT_RETURN_TYPE = YES_ERROR;
				GCC_WARN_UNDECLARED_SELECTOR = YES;
				GCC_WARN_UNINITIALIZED_AUTOS = YES_AGGRESSIVE;
				GCC_WARN_UNUSED_FUNCTION = YES;
				GCC_WARN_UNUSED_VARIABLE = YES;
				IPHONEOS_DEPLOYMENT_TARGET = 14.2;
				MTL_ENABLE_DEBUG_INFO = INCLUDE_SOURCE;
				MTL_FAST_MATH = YES;
				ONLY_ACTIVE_ARCH = YES;
				SDKROOT = iphoneos;
				SWIFT_ACTIVE_COMPILATION_CONDITIONS = DEBUG;
				SWIFT_OPTIMIZATION_LEVEL = "-Onone";
			};
			name = Debug;
		};
		93D7D18D25AC2FF20025513D /* Release */ = {
			isa = XCBuildConfiguration;
			buildSettings = {
				ALWAYS_SEARCH_USER_PATHS = NO;
				CLANG_ANALYZER_NONNULL = YES;
				CLANG_ANALYZER_NUMBER_OBJECT_CONVERSION = YES_AGGRESSIVE;
				CLANG_CXX_LANGUAGE_STANDARD = "gnu++14";
				CLANG_CXX_LIBRARY = "libc++";
				CLANG_ENABLE_MODULES = YES;
				CLANG_ENABLE_OBJC_ARC = YES;
				CLANG_ENABLE_OBJC_WEAK = YES;
				CLANG_WARN_BLOCK_CAPTURE_AUTORELEASING = YES;
				CLANG_WARN_BOOL_CONVERSION = YES;
				CLANG_WARN_COMMA = YES;
				CLANG_WARN_CONSTANT_CONVERSION = YES;
				CLANG_WARN_DEPRECATED_OBJC_IMPLEMENTATIONS = YES;
				CLANG_WARN_DIRECT_OBJC_ISA_USAGE = YES_ERROR;
				CLANG_WARN_DOCUMENTATION_COMMENTS = YES;
				CLANG_WARN_EMPTY_BODY = YES;
				CLANG_WARN_ENUM_CONVERSION = YES;
				CLANG_WARN_INFINITE_RECURSION = YES;
				CLANG_WARN_INT_CONVERSION = YES;
				CLANG_WARN_NON_LITERAL_NULL_CONVERSION = YES;
				CLANG_WARN_OBJC_IMPLICIT_RETAIN_SELF = YES;
				CLANG_WARN_OBJC_LITERAL_CONVERSION = YES;
				CLANG_WARN_OBJC_ROOT_CLASS = YES_ERROR;
				CLANG_WARN_QUOTED_INCLUDE_IN_FRAMEWORK_HEADER = YES;
				CLANG_WARN_RANGE_LOOP_ANALYSIS = YES;
				CLANG_WARN_STRICT_PROTOTYPES = YES;
				CLANG_WARN_SUSPICIOUS_MOVE = YES;
				CLANG_WARN_UNGUARDED_AVAILABILITY = YES_AGGRESSIVE;
				CLANG_WARN_UNREACHABLE_CODE = YES;
				CLANG_WARN__DUPLICATE_METHOD_MATCH = YES;
				COPY_PHASE_STRIP = NO;
				DEBUG_INFORMATION_FORMAT = "dwarf-with-dsym";
				ENABLE_NS_ASSERTIONS = NO;
				ENABLE_STRICT_OBJC_MSGSEND = YES;
				GCC_C_LANGUAGE_STANDARD = gnu11;
				GCC_NO_COMMON_BLOCKS = YES;
				GCC_WARN_64_TO_32_BIT_CONVERSION = YES;
				GCC_WARN_ABOUT_RETURN_TYPE = YES_ERROR;
				GCC_WARN_UNDECLARED_SELECTOR = YES;
				GCC_WARN_UNINITIALIZED_AUTOS = YES_AGGRESSIVE;
				GCC_WARN_UNUSED_FUNCTION = YES;
				GCC_WARN_UNUSED_VARIABLE = YES;
				IPHONEOS_DEPLOYMENT_TARGET = 14.2;
				MTL_ENABLE_DEBUG_INFO = NO;
				MTL_FAST_MATH = YES;
				SDKROOT = iphoneos;
				SWIFT_COMPILATION_MODE = wholemodule;
				SWIFT_OPTIMIZATION_LEVEL = "-O";
				VALIDATE_PRODUCT = YES;
			};
			name = Release;
		};
		93D7D18F25AC2FF20025513D /* Debug */ = {
			isa = XCBuildConfiguration;
			buildSettings = {
				ASSETCATALOG_COMPILER_APPICON_NAME = AppIcon;
				ASSETCATALOG_COMPILER_GLOBAL_ACCENT_COLOR_NAME = AccentColor;
				CODE_SIGN_STYLE = Automatic;
				DEVELOPMENT_ASSET_PATHS = "\"circularprogressring/Preview Content\"";
				ENABLE_PREVIEWS = YES;
				INFOPLIST_FILE = circularprogressring/Info.plist;
				LD_RUNPATH_SEARCH_PATHS = (
					"$(inherited)",
					"@executable_path/Frameworks",
				);
				PRODUCT_BUNDLE_IDENTIFIER = com.siau.circularprogressring;
				PRODUCT_NAME = "$(TARGET_NAME)";
				SWIFT_VERSION = 5.0;
				TARGETED_DEVICE_FAMILY = "1,2";
			};
			name = Debug;
		};
		93D7D19025AC2FF20025513D /* Release */ = {
			isa = XCBuildConfiguration;
			buildSettings = {
				ASSETCATALOG_COMPILER_APPICON_NAME = AppIcon;
				ASSETCATALOG_COMPILER_GLOBAL_ACCENT_COLOR_NAME = AccentColor;
				CODE_SIGN_STYLE = Automatic;
				DEVELOPMENT_ASSET_PATHS = "\"circularprogressring/Preview Content\"";
				ENABLE_PREVIEWS = YES;
				INFOPLIST_FILE = circularprogressring/Info.plist;
				LD_RUNPATH_SEARCH_PATHS = (
					"$(inherited)",
					"@executable_path/Frameworks",
				);
				PRODUCT_BUNDLE_IDENTIFIER = com.siau.circularprogressring;
				PRODUCT_NAME = "$(TARGET_NAME)";
				SWIFT_VERSION = 5.0;
				TARGETED_DEVICE_FAMILY = "1,2";
			};
			name = Release;
		};
/* End XCBuildConfiguration section */

/* Begin XCConfigurationList section */
		93D7D17525AC2FF00025513D /* Build configuration list for PBXProject "circularprogressring" */ = {
			isa = XCConfigurationList;
			buildConfigurations = (
				93D7D18C25AC2FF20025513D /* Debug */,
				93D7D18D25AC2FF20025513D /* Release */,
			);
			defaultConfigurationIsVisible = 0;
			defaultConfigurationName = Release;
		};
		93D7D18E25AC2FF20025513D /* Build configuration list for PBXNativeTarget "circularprogressring" */ = {
			isa = XCConfigurationList;
			buildConfigurations = (
				93D7D18F25AC2FF20025513D /* Debug */,
				93D7D19025AC2FF20025513D /* Release */,
			);
			defaultConfigurationIsVisible = 0;
			defaultConfigurationName = Release;
		};
/* End XCConfigurationList section */
	};
	rootObject = 93D7D17225AC2FF00025513D /* Project object */;
}
